
Microsoft Visual Studio Solution File, Format Version 12.00
# Visual Studio Version 16
VisualStudioVersion = 16.0.29728.190
MinimumVisualStudioVersion = 10.0.40219.1
Project("{FAE04EC0-301F-11D3-BF4B-00C04F79EFBC}") = "FT_EClaim.Module", "FT_EClaim.Module\FT_EClaim.Module.csproj", "{5F15837D-D1E5-44DC-92F0-4F2EBE9C3F8D}"
EndProject
Project("{FAE04EC0-301F-11D3-BF4B-00C04F79EFBC}") = "FT_EClaim.Module.Mobile", "FT_EClaim.Module.Mobile\FT_EClaim.Module.Mobile.csproj", "{1987C5BD-A157-4956-A0B1-8536AF0A65B5}"
EndProject
Project("{FAE04EC0-301F-11D3-BF4B-00C04F79EFBC}") = "FT_EClaim.Mobile", "FT_EClaim.Mobile\FT_EClaim.Mobile.csproj", "{920ADD88-8181-492E-B860-89199E8C401E}"
EndProject
Project("{FAE04EC0-301F-11D3-BF4B-00C04F79EFBC}") = "FT_EClaim.Module.Web", "FT_EClaim.Module.Web\FT_EClaim.Module.Web.csproj", "{0C729AAD-7626-4668-A7F1-35F7D240489D}"
EndProject
Project("{FAE04EC0-301F-11D3-BF4B-00C04F79EFBC}") = "FT_EClaim.Module.Win", "FT_EClaim.Module.Win\FT_EClaim.Module.Win.csproj", "{7964F87D-BC5D-4C4E-8B2F-71E89739AA97}"
EndProject
Project("{FAE04EC0-301F-11D3-BF4B-00C04F79EFBC}") = "FT_EClaim.Web", "FT_EClaim.Web\FT_EClaim.Web.csproj", "{87FF07EF-B214-4A21-8AEE-8C11F2B1EB2E}"
EndProject
Project("{FAE04EC0-301F-11D3-BF4B-00C04F79EFBC}") = "FT_EClaim.Win", "FT_EClaim.Win\FT_EClaim.Win.csproj", "{E2756270-E8D7-4303-88FD-D018933A046D}"
EndProject
Global
	GlobalSection(SolutionConfigurationPlatforms) = preSolution
		Debug|Any CPU = Debug|Any CPU
		EasyTest|Any CPU = EasyTest|Any CPU
		Release|Any CPU = Release|Any CPU
	EndGlobalSection
	GlobalSection(ProjectConfigurationPlatforms) = postSolution
		{5F15837D-D1E5-44DC-92F0-4F2EBE9C3F8D}.Debug|Any CPU.ActiveCfg = Debug|Any CPU
		{5F15837D-D1E5-44DC-92F0-4F2EBE9C3F8D}.Debug|Any CPU.Build.0 = Debug|Any CPU
		{5F15837D-D1E5-44DC-92F0-4F2EBE9C3F8D}.EasyTest|Any CPU.ActiveCfg = EasyTest|Any CPU
		{5F15837D-D1E5-44DC-92F0-4F2EBE9C3F8D}.EasyTest|Any CPU.Build.0 = EasyTest|Any CPU
		{5F15837D-D1E5-44DC-92F0-4F2EBE9C3F8D}.Release|Any CPU.ActiveCfg = Release|Any CPU
		{5F15837D-D1E5-44DC-92F0-4F2EBE9C3F8D}.Release|Any CPU.Build.0 = Release|Any CPU
		{1987C5BD-A157-4956-A0B1-8536AF0A65B5}.Debug|Any CPU.ActiveCfg = Debug|Any CPU
		{1987C5BD-A157-4956-A0B1-8536AF0A65B5}.Debug|Any CPU.Build.0 = Debug|Any CPU
		{1987C5BD-A157-4956-A0B1-8536AF0A65B5}.EasyTest|Any CPU.ActiveCfg = EasyTest|Any CPU
		{1987C5BD-A157-4956-A0B1-8536AF0A65B5}.EasyTest|Any CPU.Build.0 = EasyTest|Any CPU
		{1987C5BD-A157-4956-A0B1-8536AF0A65B5}.Release|Any CPU.ActiveCfg = Release|Any CPU
		{1987C5BD-A157-4956-A0B1-8536AF0A65B5}.Release|Any CPU.Build.0 = Release|Any CPU
		{920ADD88-8181-492E-B860-89199E8C401E}.Debug|Any CPU.ActiveCfg = Debug|Any CPU
		{920ADD88-8181-492E-B860-89199E8C401E}.Debug|Any CPU.Build.0 = Debug|Any CPU
		{920ADD88-8181-492E-B860-89199E8C401E}.EasyTest|Any CPU.ActiveCfg = EasyTest|Any CPU
		{920ADD88-8181-492E-B860-89199E8C401E}.EasyTest|Any CPU.Build.0 = EasyTest|Any CPU
		{920ADD88-8181-492E-B860-89199E8C401E}.Release|Any CPU.ActiveCfg = Release|Any CPU
		{920ADD88-8181-492E-B860-89199E8C401E}.Release|Any CPU.Build.0 = Release|Any CPU
		{0C729AAD-7626-4668-A7F1-35F7D240489D}.Debug|Any CPU.ActiveCfg = Debug|Any CPU
		{0C729AAD-7626-4668-A7F1-35F7D240489D}.Debug|Any CPU.Build.0 = Debug|Any CPU
		{0C729AAD-7626-4668-A7F1-35F7D240489D}.EasyTest|Any CPU.ActiveCfg = EasyTest|Any CPU
		{0C729AAD-7626-4668-A7F1-35F7D240489D}.EasyTest|Any CPU.Build.0 = EasyTest|Any CPU
		{0C729AAD-7626-4668-A7F1-35F7D240489D}.Release|Any CPU.ActiveCfg = Release|Any CPU
		{0C729AAD-7626-4668-A7F1-35F7D240489D}.Release|Any CPU.Build.0 = Release|Any CPU
		{7964F87D-BC5D-4C4E-8B2F-71E89739AA97}.Debug|Any CPU.ActiveCfg = Debug|Any CPU
		{7964F87D-BC5D-4C4E-8B2F-71E89739AA97}.Debug|Any CPU.Build.0 = Debug|Any CPU
		{7964F87D-BC5D-4C4E-8B2F-71E89739AA97}.EasyTest|Any CPU.ActiveCfg = EasyTest|Any CPU
		{7964F87D-BC5D-4C4E-8B2F-71E89739AA97}.EasyTest|Any CPU.Build.0 = EasyTest|Any CPU
		{7964F87D-BC5D-4C4E-8B2F-71E89739AA97}.Release|Any CPU.ActiveCfg = Release|Any CPU
		{7964F87D-BC5D-4C4E-8B2F-71E89739AA97}.Release|Any CPU.Build.0 = Release|Any CPU
		{87FF07EF-B214-4A21-8AEE-8C11F2B1EB2E}.Debug|Any CPU.ActiveCfg = Debug|Any CPU
		{87FF07EF-B214-4A21-8AEE-8C11F2B1EB2E}.Debug|Any CPU.Build.0 = Debug|Any CPU
		{87FF07EF-B214-4A21-8AEE-8C11F2B1EB2E}.EasyTest|Any CPU.ActiveCfg = EasyTest|Any CPU
		{87FF07EF-B214-4A21-8AEE-8C11F2B1EB2E}.EasyTest|Any CPU.Build.0 = EasyTest|Any CPU
		{87FF07EF-B214-4A21-8AEE-8C11F2B1EB2E}.Release|Any CPU.ActiveCfg = Release|Any CPU
		{87FF07EF-B214-4A21-8AEE-8C11F2B1EB2E}.Release|Any CPU.Build.0 = Release|Any CPU
		{E2756270-E8D7-4303-88FD-D018933A046D}.Debug|Any CPU.ActiveCfg = Debug|Any CPU
		{E2756270-E8D7-4303-88FD-D018933A046D}.Debug|Any CPU.Build.0 = Debug|Any CPU
		{E2756270-E8D7-4303-88FD-D018933A046D}.EasyTest|Any CPU.ActiveCfg = EasyTest|Any CPU
		{E2756270-E8D7-4303-88FD-D018933A046D}.EasyTest|Any CPU.Build.0 = EasyTest|Any CPU
		{E2756270-E8D7-4303-88FD-D018933A046D}.Release|Any CPU.ActiveCfg = Release|Any CPU
		{E2756270-E8D7-4303-88FD-D018933A046D}.Release|Any CPU.Build.0 = Release|Any CPU
	EndGlobalSection
	GlobalSection(SolutionProperties) = preSolution
		HideSolutionNode = FALSE
	EndGlobalSection
	GlobalSection(ExtensibilityGlobals) = postSolution
		SolutionGuid = {B9E9206A-7861-4002-83B3-5E93F285497F}
	EndGlobalSection
EndGlobal
